
Microsoft Visual Studio Solution File, Format Version 12.00
# Visual Studio Version 16
VisualStudioVersion = 16.0.30503.244
MinimumVisualStudioVersion = 10.0.40219.1
Project("{FAE04EC0-301F-11D3-BF4B-00C04F79EFBC}") = "gitactionstest", "gitactionstest.csproj", "{A50AA813-C047-40F5-8890-CF44D5B49F4A}"
EndProject
Project("{FAE04EC0-301F-11D3-BF4B-00C04F79EFBC}") = "UnitTests", "UnitTests\UnitTests.csproj", "{A6BF5914-1394-46A2-9382-FD9984157D37}"
EndProject
Global
	GlobalSection(SolutionConfigurationPlatforms) = preSolution
		Debug|Any CPU = Debug|Any CPU
		Release|Any CPU = Release|Any CPU
	EndGlobalSection
	GlobalSection(ProjectConfigurationPlatforms) = postSolution
		{A50AA813-C047-40F5-8890-CF44D5B49F4A}.Debug|Any CPU.ActiveCfg = Debug|Any CPU
		{A50AA813-C047-40F5-8890-CF44D5B49F4A}.Debug|Any CPU.Build.0 = Debug|Any CPU
		{A50AA813-C047-40F5-8890-CF44D5B49F4A}.Release|Any CPU.ActiveCfg = Release|Any CPU
		{A50AA813-C047-40F5-8890-CF44D5B49F4A}.Release|Any CPU.Build.0 = Release|Any CPU
		{A6BF5914-1394-46A2-9382-FD9984157D37}.Debug|Any CPU.ActiveCfg = Debug|Any CPU
		{A6BF5914-1394-46A2-9382-FD9984157D37}.Debug|Any CPU.Build.0 = Debug|Any CPU
		{A6BF5914-1394-46A2-9382-FD9984157D37}.Release|Any CPU.ActiveCfg = Release|Any CPU
		{A6BF5914-1394-46A2-9382-FD9984157D37}.Release|Any CPU.Build.0 = Release|Any CPU
	EndGlobalSection
	GlobalSection(SolutionProperties) = preSolution
		HideSolutionNode = FALSE
	EndGlobalSection
	GlobalSection(ExtensibilityGlobals) = postSolution
		SolutionGuid = {4533C3A2-E5DD-4273-9AC2-58067A158A23}
	EndGlobalSection
EndGlobal
